
Microsoft Visual Studio Solution File, Format Version 12.00
# Visual Studio Version 16
VisualStudioVersion = 16.0.33927.289
MinimumVisualStudioVersion = 10.0.40219.1
Project("{FAE04EC0-301F-11D3-BF4B-00C04F79EFBC}") = "Tyuiu.BreslavskayaIV.Sprint5.Task0.V11", "Tyuiu.BreslavskayaIV.Sprint5.Task0.V11\Tyuiu.BreslavskayaIV.Sprint5.Task0.V11.csproj", "{492DC67C-BF43-499D-AAE4-42F803CA74B1}"
EndProject
Project("{2150E333-8FDC-42A3-9474-1A3956D46DE8}") = "Task0", "Task0", "{C1FA8689-E8BA-4D2B-9753-8835BDE5101A}"
EndProject
Project("{FAE04EC0-301F-11D3-BF4B-00C04F79EFBC}") = "Tyuiu.BreslavskayaIV.Sprint5.Task0.V11.Lib", "Tyuiu.BreslavskayaIV.Sprint5.Task0.V11.Lib\Tyuiu.BreslavskayaIV.Sprint5.Task0.V11.Lib.csproj", "{3402AC39-AD93-4565-A829-47C6DD4D110A}"
EndProject
Project("{FAE04EC0-301F-11D3-BF4B-00C04F79EFBC}") = "Tyuiu.BreslavskayaIV.Sprint5.Task0.V11.Test", "Tyuiu.BreslavskayaIV.Sprint5.Task0.V11.Test\Tyuiu.BreslavskayaIV.Sprint5.Task0.V11.Test.csproj", "{34EC6B7C-FB6C-4697-AED6-D90882525EC1}"
EndProject
Project("{2150E333-8FDC-42A3-9474-1A3956D46DE8}") = "Task1", "Task1", "{62C573A5-A6AF-4FAC-AEAB-23733D2D90FC}"
EndProject
Project("{2150E333-8FDC-42A3-9474-1A3956D46DE8}") = "Task2", "Task2", "{D79307CF-65FB-4B8C-A830-7481F9258132}"
EndProject
Project("{2150E333-8FDC-42A3-9474-1A3956D46DE8}") = "Task3", "Task3", "{60EAFCE0-E4B2-4EA8-8C9D-0AB3433C59B1}"
EndProject
Project("{2150E333-8FDC-42A3-9474-1A3956D46DE8}") = "Task4", "Task4", "{BAEEF240-5741-4999-868A-46A5248A1A6C}"
EndProject
Project("{2150E333-8FDC-42A3-9474-1A3956D46DE8}") = "Task5", "Task5", "{46D3CD91-78DB-4BE5-BBA2-D3296F03A482}"
EndProject
Project("{2150E333-8FDC-42A3-9474-1A3956D46DE8}") = "Task6", "Task6", "{FF1DDDE6-C60D-409F-8BF0-3398534F583D}"
EndProject
Project("{2150E333-8FDC-42A3-9474-1A3956D46DE8}") = "Task7", "Task7", "{00422710-81E6-4E60-A0C3-7D7B616E213C}"
EndProject
Project("{FAE04EC0-301F-11D3-BF4B-00C04F79EFBC}") = "Tyuiu.BreslavskayaIV.Sprint5.Task1.V1", "Tyuiu.BreslavskayaIV.Sprint5.Task1.V1\Tyuiu.BreslavskayaIV.Sprint5.Task1.V1.csproj", "{09C472E2-6098-46D6-9E53-93BA61E96705}"
EndProject
Project("{FAE04EC0-301F-11D3-BF4B-00C04F79EFBC}") = "Tyuiu.BreslavskayaIV.Sprint5.Task1.V1.Test", "Tyuiu.BreslavskayaIV.Sprint5.Task1.V1.Test\Tyuiu.BreslavskayaIV.Sprint5.Task1.V1.Test.csproj", "{8BC5DBE3-362A-47FC-9644-AC6573D47EA7}"
EndProject
Project("{FAE04EC0-301F-11D3-BF4B-00C04F79EFBC}") = "Tyuiu.BreslavskayaIV.Sprint5.Task1.V1.Lib", "Tyuiu.BreslavskayaIV.Sprint5.Task1.V1.Lib\Tyuiu.BreslavskayaIV.Sprint5.Task1.V1.Lib.csproj", "{B037EEB8-651D-4147-BB34-E674C1979661}"
EndProject
Project("{FAE04EC0-301F-11D3-BF4B-00C04F79EFBC}") = "Tyuiu.BreslavskayaIV.Sprint5.Task2.V18", "Tyuiu.BreslavskayaIV.Sprint5.Task2.V18\Tyuiu.BreslavskayaIV.Sprint5.Task2.V18.csproj", "{AB0D4B10-9349-45D0-B907-0C609A9ADDE4}"
EndProject
Project("{FAE04EC0-301F-11D3-BF4B-00C04F79EFBC}") = "Tyuiu.BreslavskayaIV.Sprint5.Task2.V18.Lib", "Tyuiu.BreslavskayaIV.Sprint5.Task2.V18.Lib\Tyuiu.BreslavskayaIV.Sprint5.Task2.V18.Lib.csproj", "{E671F9A3-F14A-4E41-98A1-A5E25FB4E6B5}"
EndProject
Project("{FAE04EC0-301F-11D3-BF4B-00C04F79EFBC}") = "Tyuiu.BreslavskayaIV.Sprint5.Task2.V18.Test", "Tyuiu.BreslavskayaIV.Sprint5.Task2.V18.Test\Tyuiu.BreslavskayaIV.Sprint5.Task2.V18.Test.csproj", "{6E66499A-5C92-40AB-837D-13B19FB9901E}"
EndProject
Project("{FAE04EC0-301F-11D3-BF4B-00C04F79EFBC}") = "Tyuiu.BreslavskayaIV.Sprint5.Task3.V24", "Tyuiu.BreslavskayaIV.Sprint5.Task3.V24\Tyuiu.BreslavskayaIV.Sprint5.Task3.V24.csproj", "{84E94401-AE11-4483-B4C3-243B3CEBCAD3}"
EndProject
Project("{FAE04EC0-301F-11D3-BF4B-00C04F79EFBC}") = "Tyuiu.BreslavskayaIV.Sprint5.Task3.V24.Lib", "Tyuiu.BreslavskayaIV.Sprint5.Task3.V24.Lib\Tyuiu.BreslavskayaIV.Sprint5.Task3.V24.Lib.csproj", "{F2F54676-DB33-4722-811C-30A7D416A9B4}"
EndProject
Project("{FAE04EC0-301F-11D3-BF4B-00C04F79EFBC}") = "Tyuiu.BreslavskayaIV.Sprint5.Task3.V24.Test", "Tyuiu.BreslavskayaIV.Sprint5.Task3.V24.Test\Tyuiu.BreslavskayaIV.Sprint5.Task3.V24.Test.csproj", "{DE092873-C4AF-4AF7-80E9-B6D9E04C7582}"
EndProject
Project("{FAE04EC0-301F-11D3-BF4B-00C04F79EFBC}") = "Tyuiu.BreslavskayaIV.Sprint5.Task4.V28", "Tyuiu.BreslavskayaIV.Sprint5.Task4.V28\Tyuiu.BreslavskayaIV.Sprint5.Task4.V28.csproj", "{06E444FD-B6DE-404C-B30B-356DA527DF88}"
EndProject
Project("{FAE04EC0-301F-11D3-BF4B-00C04F79EFBC}") = "Tyuiu.BreslavskayaIV.Sprint5.Task4.V28.Lib", "Tyuiu.BreslavskayaIV.Sprint5.Task4.V28.Lib\Tyuiu.BreslavskayaIV.Sprint5.Task4.V28.Lib.csproj", "{34A145DC-1CC3-4C68-B649-FDA8554661AA}"
EndProject
Project("{FAE04EC0-301F-11D3-BF4B-00C04F79EFBC}") = "Tyuiu.BreslavskayaIV.Sprint5.Task4.V28.Test", "Tyuiu.BreslavskayaIV.Sprint5.Task4.V28.Test\Tyuiu.BreslavskayaIV.Sprint5.Task4.V28.Test.csproj", "{40F770A3-C180-45DA-822A-907679A1E8C3}"
EndProject
Project("{FAE04EC0-301F-11D3-BF4B-00C04F79EFBC}") = "Tyuiu.BreslavskayaIV.Sprint5.Task5.V15", "Tyuiu.BreslavskayaIV.Sprint5.Task5.V15\Tyuiu.BreslavskayaIV.Sprint5.Task5.V15.csproj", "{CDA7962C-86A8-4DBE-B29A-0B439D052C3D}"
EndProject
Project("{FAE04EC0-301F-11D3-BF4B-00C04F79EFBC}") = "Tyuiu.BreslavskayaIV.Sprint5.Task5.V15.Lib", "Tyuiu.BreslavskayaIV.Sprint5.Task5.V15.Lib\Tyuiu.BreslavskayaIV.Sprint5.Task5.V15.Lib.csproj", "{C841B4A3-44A6-4E81-B9F6-F2C6650B285A}"
EndProject
Project("{FAE04EC0-301F-11D3-BF4B-00C04F79EFBC}") = "Tyuiu.BreslavskayaIV.Sprint5.Task5.V15.Test", "Tyuiu.BreslavskayaIV.Sprint5.Task5.V15.Test\Tyuiu.BreslavskayaIV.Sprint5.Task5.V15.Test.csproj", "{ACF651D0-3B30-4F68-A27A-4133AF899099}"
EndProject
Project("{FAE04EC0-301F-11D3-BF4B-00C04F79EFBC}") = "Tyuiu.BreslavskayaIV.Sprint5.Task6.V14", "Tyuiu.BreslavskayaIV.Sprint5.Task6.V14\Tyuiu.BreslavskayaIV.Sprint5.Task6.V14.csproj", "{78AB7026-D7D6-40FA-885F-9EDC907525A5}"
EndProject
Project("{FAE04EC0-301F-11D3-BF4B-00C04F79EFBC}") = "Tyuiu.BreslavskayaIV.Sprint5.Task6.V14.Lib", "Tyuiu.BreslavskayaIV.Sprint5.Task6.V14.Lib\Tyuiu.BreslavskayaIV.Sprint5.Task6.V14.Lib.csproj", "{329A908D-411D-4879-9979-0620AE7DC23A}"
EndProject
Project("{FAE04EC0-301F-11D3-BF4B-00C04F79EFBC}") = "Tyuiu.BreslavskayaIV.Sprint5.Task6.V14.Test", "Tyuiu.BreslavskayaIV.Sprint5.Task6.V14.Test\Tyuiu.BreslavskayaIV.Sprint5.Task6.V14.Test.csproj", "{37169E62-3DA2-4378-9F13-5084062459AD}"
EndProject
Project("{FAE04EC0-301F-11D3-BF4B-00C04F79EFBC}") = "Tyuiu.BreslavskayaIV.Sprint5.Task7.V8", "Tyuiu.BreslavskayaIV.Sprint5.Task7.V8\Tyuiu.BreslavskayaIV.Sprint5.Task7.V8.csproj", "{DEB95776-D35D-4B78-98D6-4E46464EF930}"
EndProject
Project("{FAE04EC0-301F-11D3-BF4B-00C04F79EFBC}") = "Tyuiu.BreslavskayaIV.Sprint5.Task7.V8.Lib", "Tyuiu.BreslavskayaIV.Sprint5.Task7.V8.Lib\Tyuiu.BreslavskayaIV.Sprint5.Task7.V8.Lib.csproj", "{0046A81E-1343-4E31-B032-3F06107D3DCD}"
EndProject
Project("{FAE04EC0-301F-11D3-BF4B-00C04F79EFBC}") = "Tyuiu.BreslavskayaIV.Sprint5.Task7.V8.Test", "Tyuiu.BreslavskayaIV.Sprint5.Task7.V8.Test\Tyuiu.BreslavskayaIV.Sprint5.Task7.V8.Test.csproj", "{57B96C22-EF7F-4604-8CDA-FC55F4AE125F}"
EndProject
Global
	GlobalSection(SolutionConfigurationPlatforms) = preSolution
		Debug|Any CPU = Debug|Any CPU
		Release|Any CPU = Release|Any CPU
	EndGlobalSection
	GlobalSection(ProjectConfigurationPlatforms) = postSolution
		{492DC67C-BF43-499D-AAE4-42F803CA74B1}.Debug|Any CPU.ActiveCfg = Debug|Any CPU
		{492DC67C-BF43-499D-AAE4-42F803CA74B1}.Debug|Any CPU.Build.0 = Debug|Any CPU
		{492DC67C-BF43-499D-AAE4-42F803CA74B1}.Release|Any CPU.ActiveCfg = Release|Any CPU
		{492DC67C-BF43-499D-AAE4-42F803CA74B1}.Release|Any CPU.Build.0 = Release|Any CPU
		{3402AC39-AD93-4565-A829-47C6DD4D110A}.Debug|Any CPU.ActiveCfg = Debug|Any CPU
		{3402AC39-AD93-4565-A829-47C6DD4D110A}.Debug|Any CPU.Build.0 = Debug|Any CPU
		{3402AC39-AD93-4565-A829-47C6DD4D110A}.Release|Any CPU.ActiveCfg = Release|Any CPU
		{3402AC39-AD93-4565-A829-47C6DD4D110A}.Release|Any CPU.Build.0 = Release|Any CPU
		{34EC6B7C-FB6C-4697-AED6-D90882525EC1}.Debug|Any CPU.ActiveCfg = Debug|Any CPU
		{34EC6B7C-FB6C-4697-AED6-D90882525EC1}.Debug|Any CPU.Build.0 = Debug|Any CPU
		{34EC6B7C-FB6C-4697-AED6-D90882525EC1}.Release|Any CPU.ActiveCfg = Release|Any CPU
		{34EC6B7C-FB6C-4697-AED6-D90882525EC1}.Release|Any CPU.Build.0 = Release|Any CPU
		{09C472E2-6098-46D6-9E53-93BA61E96705}.Debug|Any CPU.ActiveCfg = Debug|Any CPU
		{09C472E2-6098-46D6-9E53-93BA61E96705}.Debug|Any CPU.Build.0 = Debug|Any CPU
		{09C472E2-6098-46D6-9E53-93BA61E96705}.Release|Any CPU.ActiveCfg = Release|Any CPU
		{09C472E2-6098-46D6-9E53-93BA61E96705}.Release|Any CPU.Build.0 = Release|Any CPU
		{8BC5DBE3-362A-47FC-9644-AC6573D47EA7}.Debug|Any CPU.ActiveCfg = Debug|Any CPU
		{8BC5DBE3-362A-47FC-9644-AC6573D47EA7}.Debug|Any CPU.Build.0 = Debug|Any CPU
		{8BC5DBE3-362A-47FC-9644-AC6573D47EA7}.Release|Any CPU.ActiveCfg = Release|Any CPU
		{8BC5DBE3-362A-47FC-9644-AC6573D47EA7}.Release|Any CPU.Build.0 = Release|Any CPU
		{B037EEB8-651D-4147-BB34-E674C1979661}.Debug|Any CPU.ActiveCfg = Debug|Any CPU
		{B037EEB8-651D-4147-BB34-E674C1979661}.Debug|Any CPU.Build.0 = Debug|Any CPU
		{B037EEB8-651D-4147-BB34-E674C1979661}.Release|Any CPU.ActiveCfg = Release|Any CPU
		{B037EEB8-651D-4147-BB34-E674C1979661}.Release|Any CPU.Build.0 = Release|Any CPU
		{AB0D4B10-9349-45D0-B907-0C609A9ADDE4}.Debug|Any CPU.ActiveCfg = Debug|Any CPU
		{AB0D4B10-9349-45D0-B907-0C609A9ADDE4}.Debug|Any CPU.Build.0 = Debug|Any CPU
		{AB0D4B10-9349-45D0-B907-0C609A9ADDE4}.Release|Any CPU.ActiveCfg = Release|Any CPU
		{AB0D4B10-9349-45D0-B907-0C609A9ADDE4}.Release|Any CPU.Build.0 = Release|Any CPU
		{E671F9A3-F14A-4E41-98A1-A5E25FB4E6B5}.Debug|Any CPU.ActiveCfg = Debug|Any CPU
		{E671F9A3-F14A-4E41-98A1-A5E25FB4E6B5}.Debug|Any CPU.Build.0 = Debug|Any CPU
		{E671F9A3-F14A-4E41-98A1-A5E25FB4E6B5}.Release|Any CPU.ActiveCfg = Release|Any CPU
		{E671F9A3-F14A-4E41-98A1-A5E25FB4E6B5}.Release|Any CPU.Build.0 = Release|Any CPU
		{6E66499A-5C92-40AB-837D-13B19FB9901E}.Debug|Any CPU.ActiveCfg = Debug|Any CPU
		{6E66499A-5C92-40AB-837D-13B19FB9901E}.Debug|Any CPU.Build.0 = Debug|Any CPU
		{6E66499A-5C92-40AB-837D-13B19FB9901E}.Release|Any CPU.ActiveCfg = Release|Any CPU
		{6E66499A-5C92-40AB-837D-13B19FB9901E}.Release|Any CPU.Build.0 = Release|Any CPU
		{84E94401-AE11-4483-B4C3-243B3CEBCAD3}.Debug|Any CPU.ActiveCfg = Debug|Any CPU
		{84E94401-AE11-4483-B4C3-243B3CEBCAD3}.Debug|Any CPU.Build.0 = Debug|Any CPU
		{84E94401-AE11-4483-B4C3-243B3CEBCAD3}.Release|Any CPU.ActiveCfg = Release|Any CPU
		{84E94401-AE11-4483-B4C3-243B3CEBCAD3}.Release|Any CPU.Build.0 = Release|Any CPU
		{F2F54676-DB33-4722-811C-30A7D416A9B4}.Debug|Any CPU.ActiveCfg = Debug|Any CPU
		{F2F54676-DB33-4722-811C-30A7D416A9B4}.Debug|Any CPU.Build.0 = Debug|Any CPU
		{F2F54676-DB33-4722-811C-30A7D416A9B4}.Release|Any CPU.ActiveCfg = Release|Any CPU
		{F2F54676-DB33-4722-811C-30A7D416A9B4}.Release|Any CPU.Build.0 = Release|Any CPU
		{DE092873-C4AF-4AF7-80E9-B6D9E04C7582}.Debug|Any CPU.ActiveCfg = Debug|Any CPU
		{DE092873-C4AF-4AF7-80E9-B6D9E04C7582}.Debug|Any CPU.Build.0 = Debug|Any CPU
		{DE092873-C4AF-4AF7-80E9-B6D9E04C7582}.Release|Any CPU.ActiveCfg = Release|Any CPU
		{DE092873-C4AF-4AF7-80E9-B6D9E04C7582}.Release|Any CPU.Build.0 = Release|Any CPU
		{06E444FD-B6DE-404C-B30B-356DA527DF88}.Debug|Any CPU.ActiveCfg = Debug|Any CPU
		{06E444FD-B6DE-404C-B30B-356DA527DF88}.Debug|Any CPU.Build.0 = Debug|Any CPU
		{06E444FD-B6DE-404C-B30B-356DA527DF88}.Release|Any CPU.ActiveCfg = Release|Any CPU
		{06E444FD-B6DE-404C-B30B-356DA527DF88}.Release|Any CPU.Build.0 = Release|Any CPU
		{34A145DC-1CC3-4C68-B649-FDA8554661AA}.Debug|Any CPU.ActiveCfg = Debug|Any CPU
		{34A145DC-1CC3-4C68-B649-FDA8554661AA}.Debug|Any CPU.Build.0 = Debug|Any CPU
		{34A145DC-1CC3-4C68-B649-FDA8554661AA}.Release|Any CPU.ActiveCfg = Release|Any CPU
		{34A145DC-1CC3-4C68-B649-FDA8554661AA}.Release|Any CPU.Build.0 = Release|Any CPU
		{40F770A3-C180-45DA-822A-907679A1E8C3}.Debug|Any CPU.ActiveCfg = Debug|Any CPU
		{40F770A3-C180-45DA-822A-907679A1E8C3}.Debug|Any CPU.Build.0 = Debug|Any CPU
		{40F770A3-C180-45DA-822A-907679A1E8C3}.Release|Any CPU.ActiveCfg = Release|Any CPU
		{40F770A3-C180-45DA-822A-907679A1E8C3}.Release|Any CPU.Build.0 = Release|Any CPU
		{CDA7962C-86A8-4DBE-B29A-0B439D052C3D}.Debug|Any CPU.ActiveCfg = Debug|Any CPU
		{CDA7962C-86A8-4DBE-B29A-0B439D052C3D}.Debug|Any CPU.Build.0 = Debug|Any CPU
		{CDA7962C-86A8-4DBE-B29A-0B439D052C3D}.Release|Any CPU.ActiveCfg = Release|Any CPU
		{CDA7962C-86A8-4DBE-B29A-0B439D052C3D}.Release|Any CPU.Build.0 = Release|Any CPU
		{C841B4A3-44A6-4E81-B9F6-F2C6650B285A}.Debug|Any CPU.ActiveCfg = Debug|Any CPU
		{C841B4A3-44A6-4E81-B9F6-F2C6650B285A}.Debug|Any CPU.Build.0 = Debug|Any CPU
		{C841B4A3-44A6-4E81-B9F6-F2C6650B285A}.Release|Any CPU.ActiveCfg = Release|Any CPU
		{C841B4A3-44A6-4E81-B9F6-F2C6650B285A}.Release|Any CPU.Build.0 = Release|Any CPU
		{ACF651D0-3B30-4F68-A27A-4133AF899099}.Debug|Any CPU.ActiveCfg = Debug|Any CPU
		{ACF651D0-3B30-4F68-A27A-4133AF899099}.Debug|Any CPU.Build.0 = Debug|Any CPU
		{ACF651D0-3B30-4F68-A27A-4133AF899099}.Release|Any CPU.ActiveCfg = Release|Any CPU
		{ACF651D0-3B30-4F68-A27A-4133AF899099}.Release|Any CPU.Build.0 = Release|Any CPU
		{78AB7026-D7D6-40FA-885F-9EDC907525A5}.Debug|Any CPU.ActiveCfg = Debug|Any CPU
		{78AB7026-D7D6-40FA-885F-9EDC907525A5}.Debug|Any CPU.Build.0 = Debug|Any CPU
		{78AB7026-D7D6-40FA-885F-9EDC907525A5}.Release|Any CPU.ActiveCfg = Release|Any CPU
		{78AB7026-D7D6-40FA-885F-9EDC907525A5}.Release|Any CPU.Build.0 = Release|Any CPU
		{329A908D-411D-4879-9979-0620AE7DC23A}.Debug|Any CPU.ActiveCfg = Debug|Any CPU
		{329A908D-411D-4879-9979-0620AE7DC23A}.Debug|Any CPU.Build.0 = Debug|Any CPU
		{329A908D-411D-4879-9979-0620AE7DC23A}.Release|Any CPU.ActiveCfg = Release|Any CPU
		{329A908D-411D-4879-9979-0620AE7DC23A}.Release|Any CPU.Build.0 = Release|Any CPU
		{37169E62-3DA2-4378-9F13-5084062459AD}.Debug|Any CPU.ActiveCfg = Debug|Any CPU
		{37169E62-3DA2-4378-9F13-5084062459AD}.Debug|Any CPU.Build.0 = Debug|Any CPU
		{37169E62-3DA2-4378-9F13-5084062459AD}.Release|Any CPU.ActiveCfg = Release|Any CPU
		{37169E62-3DA2-4378-9F13-5084062459AD}.Release|Any CPU.Build.0 = Release|Any CPU
		{DEB95776-D35D-4B78-98D6-4E46464EF930}.Debug|Any CPU.ActiveCfg = Debug|Any CPU
		{DEB95776-D35D-4B78-98D6-4E46464EF930}.Debug|Any CPU.Build.0 = Debug|Any CPU
		{DEB95776-D35D-4B78-98D6-4E46464EF930}.Release|Any CPU.ActiveCfg = Release|Any CPU
		{DEB95776-D35D-4B78-98D6-4E46464EF930}.Release|Any CPU.Build.0 = Release|Any CPU
		{0046A81E-1343-4E31-B032-3F06107D3DCD}.Debug|Any CPU.ActiveCfg = Debug|Any CPU
		{0046A81E-1343-4E31-B032-3F06107D3DCD}.Debug|Any CPU.Build.0 = Debug|Any CPU
		{0046A81E-1343-4E31-B032-3F06107D3DCD}.Release|Any CPU.ActiveCfg = Release|Any CPU
		{0046A81E-1343-4E31-B032-3F06107D3DCD}.Release|Any CPU.Build.0 = Release|Any CPU
		{57B96C22-EF7F-4604-8CDA-FC55F4AE125F}.Debug|Any CPU.ActiveCfg = Debug|Any CPU
		{57B96C22-EF7F-4604-8CDA-FC55F4AE125F}.Debug|Any CPU.Build.0 = Debug|Any CPU
		{57B96C22-EF7F-4604-8CDA-FC55F4AE125F}.Release|Any CPU.ActiveCfg = Release|Any CPU
		{57B96C22-EF7F-4604-8CDA-FC55F4AE125F}.Release|Any CPU.Build.0 = Release|Any CPU
	EndGlobalSection
	GlobalSection(SolutionProperties) = preSolution
		HideSolutionNode = FALSE
	EndGlobalSection
	GlobalSection(NestedProjects) = preSolution
		{492DC67C-BF43-499D-AAE4-42F803CA74B1} = {C1FA8689-E8BA-4D2B-9753-8835BDE5101A}
		{3402AC39-AD93-4565-A829-47C6DD4D110A} = {C1FA8689-E8BA-4D2B-9753-8835BDE5101A}
		{34EC6B7C-FB6C-4697-AED6-D90882525EC1} = {C1FA8689-E8BA-4D2B-9753-8835BDE5101A}
		{09C472E2-6098-46D6-9E53-93BA61E96705} = {62C573A5-A6AF-4FAC-AEAB-23733D2D90FC}
		{8BC5DBE3-362A-47FC-9644-AC6573D47EA7} = {62C573A5-A6AF-4FAC-AEAB-23733D2D90FC}
		{B037EEB8-651D-4147-BB34-E674C1979661} = {62C573A5-A6AF-4FAC-AEAB-23733D2D90FC}
		{AB0D4B10-9349-45D0-B907-0C609A9ADDE4} = {D79307CF-65FB-4B8C-A830-7481F9258132}
		{E671F9A3-F14A-4E41-98A1-A5E25FB4E6B5} = {D79307CF-65FB-4B8C-A830-7481F9258132}
		{6E66499A-5C92-40AB-837D-13B19FB9901E} = {D79307CF-65FB-4B8C-A830-7481F9258132}
		{84E94401-AE11-4483-B4C3-243B3CEBCAD3} = {60EAFCE0-E4B2-4EA8-8C9D-0AB3433C59B1}
		{F2F54676-DB33-4722-811C-30A7D416A9B4} = {60EAFCE0-E4B2-4EA8-8C9D-0AB3433C59B1}
		{DE092873-C4AF-4AF7-80E9-B6D9E04C7582} = {60EAFCE0-E4B2-4EA8-8C9D-0AB3433C59B1}
		{06E444FD-B6DE-404C-B30B-356DA527DF88} = {BAEEF240-5741-4999-868A-46A5248A1A6C}
		{34A145DC-1CC3-4C68-B649-FDA8554661AA} = {BAEEF240-5741-4999-868A-46A5248A1A6C}
		{40F770A3-C180-45DA-822A-907679A1E8C3} = {BAEEF240-5741-4999-868A-46A5248A1A6C}
		{CDA7962C-86A8-4DBE-B29A-0B439D052C3D} = {46D3CD91-78DB-4BE5-BBA2-D3296F03A482}
		{C841B4A3-44A6-4E81-B9F6-F2C6650B285A} = {46D3CD91-78DB-4BE5-BBA2-D3296F03A482}
		{ACF651D0-3B30-4F68-A27A-4133AF899099} = {46D3CD91-78DB-4BE5-BBA2-D3296F03A482}
		{78AB7026-D7D6-40FA-885F-9EDC907525A5} = {FF1DDDE6-C60D-409F-8BF0-3398534F583D}
		{329A908D-411D-4879-9979-0620AE7DC23A} = {FF1DDDE6-C60D-409F-8BF0-3398534F583D}
		{37169E62-3DA2-4378-9F13-5084062459AD} = {FF1DDDE6-C60D-409F-8BF0-3398534F583D}
		{DEB95776-D35D-4B78-98D6-4E46464EF930} = {00422710-81E6-4E60-A0C3-7D7B616E213C}
		{0046A81E-1343-4E31-B032-3F06107D3DCD} = {00422710-81E6-4E60-A0C3-7D7B616E213C}
		{57B96C22-EF7F-4604-8CDA-FC55F4AE125F} = {00422710-81E6-4E60-A0C3-7D7B616E213C}
	EndGlobalSection
	GlobalSection(ExtensibilityGlobals) = postSolution
		SolutionGuid = {5E3FFC1D-308F-4411-9CAF-79EE5D1F68E7}
	EndGlobalSection
EndGlobal
